
Microsoft Visual Studio Solution File, Format Version 12.00
# Visual Studio Version 16
VisualStudioVersion = 16.0.32002.261
MinimumVisualStudioVersion = 10.0.40219.1
Project("{FAE04EC0-301F-11D3-BF4B-00C04F79EFBC}") = "OnlineBook_9474", "OnlineBook_9474\OnlineBook_9474.csproj", "{6CCD3625-BC20-4076-AB71-5B960735ECC4}"
EndProject
Global
	GlobalSection(SolutionConfigurationPlatforms) = preSolution
		Debug|Any CPU = Debug|Any CPU
		Release|Any CPU = Release|Any CPU
	EndGlobalSection
	GlobalSection(ProjectConfigurationPlatforms) = postSolution
		{6CCD3625-BC20-4076-AB71-5B960735ECC4}.Debug|Any CPU.ActiveCfg = Debug|Any CPU
		{6CCD3625-BC20-4076-AB71-5B960735ECC4}.Debug|Any CPU.Build.0 = Debug|Any CPU
		{6CCD3625-BC20-4076-AB71-5B960735ECC4}.Release|Any CPU.ActiveCfg = Release|Any CPU
		{6CCD3625-BC20-4076-AB71-5B960735ECC4}.Release|Any CPU.Build.0 = Release|Any CPU
	EndGlobalSection
	GlobalSection(SolutionProperties) = preSolution
		HideSolutionNode = FALSE
	EndGlobalSection
	GlobalSection(ExtensibilityGlobals) = postSolution
		SolutionGuid = {0B12798B-C416-4366-9C33-6D0D54C8C997}
	EndGlobalSection
EndGlobal
